
Microsoft Visual Studio Solution File, Format Version 12.00
Project("{FAE04EC0-301F-11D3-BF4B-00C04F79EFBC}") = "TrainPattern", "TrainPattern\TrainPattern.csproj", "{CD1052AD-6390-4114-8146-B442B8830F39}"
EndProject
Project("{FAE04EC0-301F-11D3-BF4B-00C04F79EFBC}") = "DiskPartition", "DiskPartition\DiskPartition.csproj", "{95575BB2-2C45-4DBD-957B-B1E957EF1D04}"
EndProject
Project("{FAE04EC0-301F-11D3-BF4B-00C04F79EFBC}") = "DirectoryInfo", "DirectoryInfo\DirectoryInfo.csproj", "{40C04B5C-F63C-49D7-A67E-22554A704A87}"
EndProject
Project("{FAE04EC0-301F-11D3-BF4B-00C04F79EFBC}") = "HomeWorkFileHandler", "HomeWorkFileHandler\HomeWorkFileHandler.csproj", "{CFBA0DEE-1223-4E77-8DA9-13E46939C8CB}"
EndProject
Project("{FAE04EC0-301F-11D3-BF4B-00C04F79EFBC}") = "FactoryMethod", "FactoryMethod\FactoryMethod.csproj", "{CCE527D0-EDCF-4F7E-9870-1EC78310CAF2}"
EndProject
Project("{2150E333-8FDC-42A3-9474-1A3956D46DE8}") = "GOF", "GOF", "{6165F37D-D0DA-42F5-A037-1A94C95123AA}"
EndProject
Project("{2150E333-8FDC-42A3-9474-1A3956D46DE8}") = "Theory", "Theory", "{03F824A2-2926-4EE7-AB1B-8368B71BF1F5}"
EndProject
Project("{FAE04EC0-301F-11D3-BF4B-00C04F79EFBC}") = "Delegate", "Delegate\Delegate.csproj", "{493766A5-E47D-4FE8-AA70-2E167087C74A}"
EndProject
Project("{FAE04EC0-301F-11D3-BF4B-00C04F79EFBC}") = "Delegate2", "Delegate2\Delegate2.csproj", "{45CFE2C0-13BD-4BF7-ADEF-ACD4E33052A8}"
EndProject
Project("{2150E333-8FDC-42A3-9474-1A3956D46DE8}") = "Delegate", "Delegate", "{CC71E95A-E050-4740-B91B-34EC60E5C616}"
EndProject
Project("{2150E333-8FDC-42A3-9474-1A3956D46DE8}") = "Bihavioral", "Bihavioral", "{DC011A79-4CA4-4688-9130-2B6AF73E46A9}"
EndProject
Project("{FAE04EC0-301F-11D3-BF4B-00C04F79EFBC}") = "Strategies", "Strategies\Strategies.csproj", "{6891295C-0E40-4000-854B-7FD3E3892D5F}"
EndProject
Project("{2150E333-8FDC-42A3-9474-1A3956D46DE8}") = "Structural", "Structural", "{D06583C0-68F2-4A22-9C67-2D4F22F09E40}"
EndProject
Project("{2150E333-8FDC-42A3-9474-1A3956D46DE8}") = "Creational", "Creational", "{DFE5C4EC-0F6D-4ED4-BE53-5FD879025D8A}"
EndProject
Project("{FAE04EC0-301F-11D3-BF4B-00C04F79EFBC}") = "StrategyLogProcessor", "StrategyLogProcessor\StrategyLogProcessor.csproj", "{87EACEE1-EDD0-457C-A1BD-782BBEEF03C5}"
EndProject
Project("{FAE04EC0-301F-11D3-BF4B-00C04F79EFBC}") = "StrategyCashMachine", "StrategyCashMachine\StrategyCashMachine.csproj", "{DC6FE9CE-0875-4AB4-9A18-285EB03736A0}"
EndProject
Project("{FAE04EC0-301F-11D3-BF4B-00C04F79EFBC}") = "StrategyConsoleWriter", "StrategyConsoleWriter\StrategyConsoleWriter.csproj", "{05119594-0987-4A12-9C06-0B3200584BC2}"
EndProject
Project("{FAE04EC0-301F-11D3-BF4B-00C04F79EFBC}") = "StrategyCar", "StrategyCar\StrategyCar.csproj", "{5D7E0E8A-3D12-4A18-A72A-9E9CB834C652}"
EndProject
Project("{FAE04EC0-301F-11D3-BF4B-00C04F79EFBC}") = "StrategyDeveloper", "StrategyDeveloper\StrategyDeveloper.csproj", "{9AD1AB62-7ECE-40A1-86F0-F44FC20522E6}"
EndProject
Project("{2150E333-8FDC-42A3-9474-1A3956D46DE8}") = "Strategy", "Strategy", "{2D9C61B8-F5A7-4578-9FEC-AC623148963E}"
EndProject
Project("{2150E333-8FDC-42A3-9474-1A3956D46DE8}") = "FactoryMethod", "FactoryMethod", "{8996B892-DD3D-4A6E-8E89-862B516A02EE}"
EndProject
Project("{FAE04EC0-301F-11D3-BF4B-00C04F79EFBC}") = "FactoryMethodConditionerRefactor", "FactoryMethodConditionerRefactor\FactoryMethodConditionerRefactor.csproj", "{D9EF8977-B381-4F25-8EFD-40CC47294799}"
EndProject
Project("{FAE04EC0-301F-11D3-BF4B-00C04F79EFBC}") = "FactoryMethodConditioner", "FactoryMethodConditioner\FactoryMethodConditioner.csproj", "{30078EAF-E7F9-43E4-AD91-97CFBA5D5C3D}"
EndProject
Project("{FAE04EC0-301F-11D3-BF4B-00C04F79EFBC}") = "Practice", "Practice\Practice.csproj", "{FBC0371B-1E0E-436F-A351-B348972F7AD5}"
EndProject
Project("{2150E333-8FDC-42A3-9474-1A3956D46DE8}") = "Practice", "Practice", "{4004EEF3-DB83-4DBB-BE2A-865E356259FA}"
EndProject
Project("{2150E333-8FDC-42A3-9474-1A3956D46DE8}") = "HomeWork", "HomeWork", "{B993D78C-0FB5-4265-A816-744271512489}"
EndProject
Project("{FAE04EC0-301F-11D3-BF4B-00C04F79EFBC}") = "Tests", "Tests\Tests.csproj", "{79245882-20B9-4874-A6A0-89B22CCC9AA6}"
EndProject
Global
	GlobalSection(SolutionConfigurationPlatforms) = preSolution
		Debug|Any CPU = Debug|Any CPU
		Release|Any CPU = Release|Any CPU
	EndGlobalSection
	GlobalSection(ProjectConfigurationPlatforms) = postSolution
		{CD1052AD-6390-4114-8146-B442B8830F39}.Debug|Any CPU.ActiveCfg = Debug|Any CPU
		{CD1052AD-6390-4114-8146-B442B8830F39}.Debug|Any CPU.Build.0 = Debug|Any CPU
		{CD1052AD-6390-4114-8146-B442B8830F39}.Release|Any CPU.ActiveCfg = Release|Any CPU
		{CD1052AD-6390-4114-8146-B442B8830F39}.Release|Any CPU.Build.0 = Release|Any CPU
		{95575BB2-2C45-4DBD-957B-B1E957EF1D04}.Debug|Any CPU.ActiveCfg = Debug|Any CPU
		{95575BB2-2C45-4DBD-957B-B1E957EF1D04}.Debug|Any CPU.Build.0 = Debug|Any CPU
		{95575BB2-2C45-4DBD-957B-B1E957EF1D04}.Release|Any CPU.ActiveCfg = Release|Any CPU
		{95575BB2-2C45-4DBD-957B-B1E957EF1D04}.Release|Any CPU.Build.0 = Release|Any CPU
		{40C04B5C-F63C-49D7-A67E-22554A704A87}.Debug|Any CPU.ActiveCfg = Debug|Any CPU
		{40C04B5C-F63C-49D7-A67E-22554A704A87}.Debug|Any CPU.Build.0 = Debug|Any CPU
		{40C04B5C-F63C-49D7-A67E-22554A704A87}.Release|Any CPU.ActiveCfg = Release|Any CPU
		{40C04B5C-F63C-49D7-A67E-22554A704A87}.Release|Any CPU.Build.0 = Release|Any CPU
		{CFBA0DEE-1223-4E77-8DA9-13E46939C8CB}.Debug|Any CPU.ActiveCfg = Debug|Any CPU
		{CFBA0DEE-1223-4E77-8DA9-13E46939C8CB}.Debug|Any CPU.Build.0 = Debug|Any CPU
		{CFBA0DEE-1223-4E77-8DA9-13E46939C8CB}.Release|Any CPU.ActiveCfg = Release|Any CPU
		{CFBA0DEE-1223-4E77-8DA9-13E46939C8CB}.Release|Any CPU.Build.0 = Release|Any CPU
		{CCE527D0-EDCF-4F7E-9870-1EC78310CAF2}.Debug|Any CPU.ActiveCfg = Debug|Any CPU
		{CCE527D0-EDCF-4F7E-9870-1EC78310CAF2}.Debug|Any CPU.Build.0 = Debug|Any CPU
		{CCE527D0-EDCF-4F7E-9870-1EC78310CAF2}.Release|Any CPU.ActiveCfg = Release|Any CPU
		{CCE527D0-EDCF-4F7E-9870-1EC78310CAF2}.Release|Any CPU.Build.0 = Release|Any CPU
		{493766A5-E47D-4FE8-AA70-2E167087C74A}.Debug|Any CPU.ActiveCfg = Debug|Any CPU
		{493766A5-E47D-4FE8-AA70-2E167087C74A}.Debug|Any CPU.Build.0 = Debug|Any CPU
		{493766A5-E47D-4FE8-AA70-2E167087C74A}.Release|Any CPU.ActiveCfg = Release|Any CPU
		{493766A5-E47D-4FE8-AA70-2E167087C74A}.Release|Any CPU.Build.0 = Release|Any CPU
		{45CFE2C0-13BD-4BF7-ADEF-ACD4E33052A8}.Debug|Any CPU.ActiveCfg = Debug|Any CPU
		{45CFE2C0-13BD-4BF7-ADEF-ACD4E33052A8}.Debug|Any CPU.Build.0 = Debug|Any CPU
		{45CFE2C0-13BD-4BF7-ADEF-ACD4E33052A8}.Release|Any CPU.ActiveCfg = Release|Any CPU
		{45CFE2C0-13BD-4BF7-ADEF-ACD4E33052A8}.Release|Any CPU.Build.0 = Release|Any CPU
		{6891295C-0E40-4000-854B-7FD3E3892D5F}.Debug|Any CPU.ActiveCfg = Debug|Any CPU
		{6891295C-0E40-4000-854B-7FD3E3892D5F}.Debug|Any CPU.Build.0 = Debug|Any CPU
		{6891295C-0E40-4000-854B-7FD3E3892D5F}.Release|Any CPU.ActiveCfg = Release|Any CPU
		{6891295C-0E40-4000-854B-7FD3E3892D5F}.Release|Any CPU.Build.0 = Release|Any CPU
		{87EACEE1-EDD0-457C-A1BD-782BBEEF03C5}.Debug|Any CPU.ActiveCfg = Debug|Any CPU
		{87EACEE1-EDD0-457C-A1BD-782BBEEF03C5}.Debug|Any CPU.Build.0 = Debug|Any CPU
		{87EACEE1-EDD0-457C-A1BD-782BBEEF03C5}.Release|Any CPU.ActiveCfg = Release|Any CPU
		{87EACEE1-EDD0-457C-A1BD-782BBEEF03C5}.Release|Any CPU.Build.0 = Release|Any CPU
		{DC6FE9CE-0875-4AB4-9A18-285EB03736A0}.Debug|Any CPU.ActiveCfg = Debug|Any CPU
		{DC6FE9CE-0875-4AB4-9A18-285EB03736A0}.Debug|Any CPU.Build.0 = Debug|Any CPU
		{DC6FE9CE-0875-4AB4-9A18-285EB03736A0}.Release|Any CPU.ActiveCfg = Release|Any CPU
		{DC6FE9CE-0875-4AB4-9A18-285EB03736A0}.Release|Any CPU.Build.0 = Release|Any CPU
		{05119594-0987-4A12-9C06-0B3200584BC2}.Debug|Any CPU.ActiveCfg = Debug|Any CPU
		{05119594-0987-4A12-9C06-0B3200584BC2}.Debug|Any CPU.Build.0 = Debug|Any CPU
		{05119594-0987-4A12-9C06-0B3200584BC2}.Release|Any CPU.ActiveCfg = Release|Any CPU
		{05119594-0987-4A12-9C06-0B3200584BC2}.Release|Any CPU.Build.0 = Release|Any CPU
		{5D7E0E8A-3D12-4A18-A72A-9E9CB834C652}.Debug|Any CPU.ActiveCfg = Debug|Any CPU
		{5D7E0E8A-3D12-4A18-A72A-9E9CB834C652}.Debug|Any CPU.Build.0 = Debug|Any CPU
		{5D7E0E8A-3D12-4A18-A72A-9E9CB834C652}.Release|Any CPU.ActiveCfg = Release|Any CPU
		{5D7E0E8A-3D12-4A18-A72A-9E9CB834C652}.Release|Any CPU.Build.0 = Release|Any CPU
		{9AD1AB62-7ECE-40A1-86F0-F44FC20522E6}.Debug|Any CPU.ActiveCfg = Debug|Any CPU
		{9AD1AB62-7ECE-40A1-86F0-F44FC20522E6}.Debug|Any CPU.Build.0 = Debug|Any CPU
		{9AD1AB62-7ECE-40A1-86F0-F44FC20522E6}.Release|Any CPU.ActiveCfg = Release|Any CPU
		{9AD1AB62-7ECE-40A1-86F0-F44FC20522E6}.Release|Any CPU.Build.0 = Release|Any CPU
		{D9EF8977-B381-4F25-8EFD-40CC47294799}.Debug|Any CPU.ActiveCfg = Debug|Any CPU
		{D9EF8977-B381-4F25-8EFD-40CC47294799}.Debug|Any CPU.Build.0 = Debug|Any CPU
		{D9EF8977-B381-4F25-8EFD-40CC47294799}.Release|Any CPU.ActiveCfg = Release|Any CPU
		{D9EF8977-B381-4F25-8EFD-40CC47294799}.Release|Any CPU.Build.0 = Release|Any CPU
		{30078EAF-E7F9-43E4-AD91-97CFBA5D5C3D}.Debug|Any CPU.ActiveCfg = Debug|Any CPU
		{30078EAF-E7F9-43E4-AD91-97CFBA5D5C3D}.Debug|Any CPU.Build.0 = Debug|Any CPU
		{30078EAF-E7F9-43E4-AD91-97CFBA5D5C3D}.Release|Any CPU.ActiveCfg = Release|Any CPU
		{30078EAF-E7F9-43E4-AD91-97CFBA5D5C3D}.Release|Any CPU.Build.0 = Release|Any CPU
		{FBC0371B-1E0E-436F-A351-B348972F7AD5}.Debug|Any CPU.ActiveCfg = Debug|Any CPU
		{FBC0371B-1E0E-436F-A351-B348972F7AD5}.Debug|Any CPU.Build.0 = Debug|Any CPU
		{FBC0371B-1E0E-436F-A351-B348972F7AD5}.Release|Any CPU.ActiveCfg = Release|Any CPU
		{FBC0371B-1E0E-436F-A351-B348972F7AD5}.Release|Any CPU.Build.0 = Release|Any CPU
		{79245882-20B9-4874-A6A0-89B22CCC9AA6}.Debug|Any CPU.ActiveCfg = Debug|Any CPU
		{79245882-20B9-4874-A6A0-89B22CCC9AA6}.Debug|Any CPU.Build.0 = Debug|Any CPU
		{79245882-20B9-4874-A6A0-89B22CCC9AA6}.Release|Any CPU.ActiveCfg = Release|Any CPU
		{79245882-20B9-4874-A6A0-89B22CCC9AA6}.Release|Any CPU.Build.0 = Release|Any CPU
	EndGlobalSection
	GlobalSection(NestedProjects) = preSolution
		{CC71E95A-E050-4740-B91B-34EC60E5C616} = {03F824A2-2926-4EE7-AB1B-8368B71BF1F5}
		{493766A5-E47D-4FE8-AA70-2E167087C74A} = {CC71E95A-E050-4740-B91B-34EC60E5C616}
		{45CFE2C0-13BD-4BF7-ADEF-ACD4E33052A8} = {CC71E95A-E050-4740-B91B-34EC60E5C616}
		{DC011A79-4CA4-4688-9130-2B6AF73E46A9} = {6165F37D-D0DA-42F5-A037-1A94C95123AA}
		{D06583C0-68F2-4A22-9C67-2D4F22F09E40} = {6165F37D-D0DA-42F5-A037-1A94C95123AA}
		{DFE5C4EC-0F6D-4ED4-BE53-5FD879025D8A} = {6165F37D-D0DA-42F5-A037-1A94C95123AA}
		{2D9C61B8-F5A7-4578-9FEC-AC623148963E} = {DC011A79-4CA4-4688-9130-2B6AF73E46A9}
		{6891295C-0E40-4000-854B-7FD3E3892D5F} = {2D9C61B8-F5A7-4578-9FEC-AC623148963E}
		{5D7E0E8A-3D12-4A18-A72A-9E9CB834C652} = {2D9C61B8-F5A7-4578-9FEC-AC623148963E}
		{DC6FE9CE-0875-4AB4-9A18-285EB03736A0} = {2D9C61B8-F5A7-4578-9FEC-AC623148963E}
		{05119594-0987-4A12-9C06-0B3200584BC2} = {2D9C61B8-F5A7-4578-9FEC-AC623148963E}
		{9AD1AB62-7ECE-40A1-86F0-F44FC20522E6} = {2D9C61B8-F5A7-4578-9FEC-AC623148963E}
		{87EACEE1-EDD0-457C-A1BD-782BBEEF03C5} = {2D9C61B8-F5A7-4578-9FEC-AC623148963E}
		{8996B892-DD3D-4A6E-8E89-862B516A02EE} = {DFE5C4EC-0F6D-4ED4-BE53-5FD879025D8A}
		{CCE527D0-EDCF-4F7E-9870-1EC78310CAF2} = {8996B892-DD3D-4A6E-8E89-862B516A02EE}
		{D9EF8977-B381-4F25-8EFD-40CC47294799} = {8996B892-DD3D-4A6E-8E89-862B516A02EE}
		{30078EAF-E7F9-43E4-AD91-97CFBA5D5C3D} = {8996B892-DD3D-4A6E-8E89-862B516A02EE}
		{FBC0371B-1E0E-436F-A351-B348972F7AD5} = {4004EEF3-DB83-4DBB-BE2A-865E356259FA}
		{CFBA0DEE-1223-4E77-8DA9-13E46939C8CB} = {B993D78C-0FB5-4265-A816-744271512489}
		{79245882-20B9-4874-A6A0-89B22CCC9AA6} = {B993D78C-0FB5-4265-A816-744271512489}
	EndGlobalSection
EndGlobal
